# THIS IS AN AUTOGENERATED FILE. DO NOT EDIT THIS FILE DIRECTLY.
# yarn lockfile v1


"@onehilltech/blueprint-mailer@^5.0.0-alpha.6":
  "resolved" "file:../blueprint-mailer"
  "version" "5.0.0-alpha.6"
  dependencies:
    "@onehilltech/blueprint" "^5.0.0-alpha.6"
    "@onehilltech/blueprint-cli" "^5.0.0-alpha.1"
    "@onehilltech/blueprint-mongodb" "^5.0.0-alpha.6"
    "email-templates" "^5.0.2"
    "gulp" "^4.0.2"
    "gulp-dart-sass" "^1.0.2"
    "handlebars" "^4.7.7"
    "juice-resources-promise" "0.0.2"
    "nodemailer" "^5.0.0"
    "nodemailer-mailgun-transport" "^1.4.0"
    "pug" "^2.0.3"

"@onehilltech/blueprint-mongodb@^5.0.0-alpha.6":
  "resolved" "file:../blueprint-mongodb"
  "version" "5.0.0-alpha.6"
  dependencies:
    "@onehilltech/blueprint" "^5.0.0-alpha.6"
    "@onehilltech/dab-mongodb" "^2.10.3"
    "moment" "^2.22.2"

"@onehilltech/blueprint-socket.io@^5.0.0-alpha.6":
  "resolved" "file:../blueprint-socket.io"
  "version" "5.0.0-alpha.6"
  dependencies:
    "@onehilltech/blueprint" "^5.0.0-alpha.6"
    "socket.io" "^2.2.0"

"@onehilltech/blueprint-testing@^5.0.0-alpha.1":
  "resolved" "file:../blueprint-testing"
  "version" "5.0.0-alpha.1"
  dependencies:
    "chai" "^4.3.6"
    "chai-as-promised" "^7.1.1"
    "chai-datetime" "^1.8.0"
    "mocha" "^10.0.0"
    "path" "^0.12.7"
    "supertest" "^6.2.4"

"bcrypt@^5.0.0":
  "resolved" "file:../../node_modules/.pnpm/bcrypt@5.0.1/node_modules/bcrypt"
  "version" "5.0.1"
  dependencies:
    "@mapbox/node-pre-gyp" "^1.0.0"
    "node-addon-api" "^3.1.0"

"chai@^4.3.4":
  "resolved" "file:../../node_modules/.pnpm/chai@4.3.6/node_modules/chai"
  "version" "4.3.6"
  dependencies:
    "assertion-error" "^1.1.0"
    "check-error" "^1.0.2"
    "deep-eql" "^3.0.1"
    "get-func-name" "^2.0.0"
    "loupe" "^2.3.1"
    "pathval" "^1.1.1"
    "type-detect" "^4.0.5"

"commander@^2.11.0":
  "resolved" "file:../../node_modules/.pnpm/commander@2.20.3/node_modules/commander"
  "version" "2.20.3"

"cors@^2.8.5":
  "resolved" "file:../../node_modules/.pnpm/cors@2.8.5/node_modules/cors"
  "version" "2.8.5"
  dependencies:
    "object-assign" "^4"
    "vary" "^1"

"coveralls@^3.0.0":
  "resolved" "file:../../node_modules/.pnpm/coveralls@3.1.1/node_modules/coveralls"
  "version" "3.1.1"
  dependencies:
    "js-yaml" "^3.13.1"
    "lcov-parse" "^1.0.0"
    "log-driver" "^1.2.7"
    "minimist" "^1.2.5"
    "request" "^2.88.2"

"istanbul@^0.4.3":
  "resolved" "file:../../node_modules/.pnpm/istanbul@0.4.5/node_modules/istanbul"
  "version" "0.4.5"
  dependencies:
    "abbrev" "1.0.x"
    "async" "1.x"
    "escodegen" "1.8.x"
    "esprima" "2.7.x"
    "glob" "^5.0.15"
    "handlebars" "^4.0.1"
    "js-yaml" "3.x"
    "mkdirp" "0.5.x"
    "nopt" "3.x"
    "once" "1.x"
    "resolve" "1.1.x"
    "supports-color" "^3.1.0"
    "which" "^1.1.1"
    "wordwrap" "^1.0.0"

"jsonfile@^4.0.0":
  "resolved" "file:../../node_modules/.pnpm/jsonfile@4.0.0/node_modules/jsonfile"
  "version" "4.0.0"
  optionalDependencies:
    "graceful-fs" "^4.1.6"

"jsonwebtoken@^8.2.1":
  "resolved" "file:../../node_modules/.pnpm/jsonwebtoken@8.5.1/node_modules/jsonwebtoken"
  "version" "8.5.1"
  dependencies:
    "jws" "^3.2.2"
    "lodash.includes" "^4.3.0"
    "lodash.isboolean" "^3.0.3"
    "lodash.isinteger" "^4.0.4"
    "lodash.isnumber" "^3.0.3"
    "lodash.isplainobject" "^4.0.6"
    "lodash.isstring" "^4.0.1"
    "lodash.once" "^4.0.0"
    "ms" "^2.1.1"
    "semver" "^5.6.0"

"micromatch@^4.0.2":
  "resolved" "file:../../node_modules/.pnpm/micromatch@4.0.5/node_modules/micromatch"
  "version" "4.0.5"
  dependencies:
    "braces" "^3.0.2"
    "picomatch" "^2.3.1"

"mocha-lcov-reporter@^1.3.0":
  "resolved" "file:../../node_modules/.pnpm/mocha-lcov-reporter@1.3.0/node_modules/mocha-lcov-reporter"
  "version" "1.3.0"

"mocha@^6.2.0":
  "resolved" "file:../../node_modules/.pnpm/mocha@6.2.3/node_modules/mocha"
  "version" "6.2.3"
  dependencies:
    "ansi-colors" "3.2.3"
    "browser-stdout" "1.3.1"
    "debug" "3.2.6"
    "diff" "3.5.0"
    "escape-string-regexp" "1.0.5"
    "find-up" "3.0.0"
    "glob" "7.1.3"
    "growl" "1.10.5"
    "he" "1.2.0"
    "js-yaml" "3.13.1"
    "log-symbols" "2.2.0"
    "minimatch" "3.0.4"
    "mkdirp" "0.5.4"
    "ms" "2.1.1"
    "node-environment-flags" "1.0.5"
    "object.assign" "4.1.0"
    "strip-json-comments" "2.0.1"
    "supports-color" "6.0.0"
    "which" "1.3.1"
    "wide-align" "1.1.3"
    "yargs" "13.3.2"
    "yargs-parser" "13.1.2"
    "yargs-unparser" "1.6.0"

"nodemailer-stub-transport@^1.0.0":
  "resolved" "file:../../node_modules/.pnpm/nodemailer-stub-transport@1.1.0/node_modules/nodemailer-stub-transport"
  "version" "1.1.0"

"nonce@^1.0.4":
  "resolved" "file:../../node_modules/.pnpm/nonce@1.0.4/node_modules/nonce"
  "version" "1.0.4"

"path@^0.12.7":
  "resolved" "file:../../node_modules/.pnpm/path@0.12.7/node_modules/path"
  "version" "0.12.7"
  dependencies:
    "process" "^0.11.1"
    "util" "^0.10.3"

"prompt@^1.0.0":
  "resolved" "file:../../node_modules/.pnpm/prompt@1.3.0/node_modules/prompt"
  "version" "1.3.0"
  dependencies:
    "@colors/colors" "1.5.0"
    "async" "3.2.3"
    "read" "1.0.x"
    "revalidator" "0.1.x"
    "winston" "2.x"

"request-promise-native@^1.0.5":
  "resolved" "file:../../node_modules/.pnpm/request-promise-native@1.0.9_request@2.88.2/node_modules/request-promise-native"
  "version" "1.0.9"
  dependencies:
    "request-promise-core" "1.1.4"
    "stealthy-require" "^1.1.1"
    "tough-cookie" "^2.3.3"

"request@^2.83.0":
  "resolved" "file:../../node_modules/.pnpm/request@2.88.2/node_modules/request"
  "version" "2.88.2"
  dependencies:
    "aws-sign2" "~0.7.0"
    "aws4" "^1.8.0"
    "caseless" "~0.12.0"
    "combined-stream" "~1.0.6"
    "extend" "~3.0.2"
    "forever-agent" "~0.6.1"
    "form-data" "~2.3.2"
    "har-validator" "~5.1.3"
    "http-signature" "~1.2.0"
    "is-typedarray" "~1.0.0"
    "isstream" "~0.1.2"
    "json-stringify-safe" "~5.0.1"
    "mime-types" "~2.1.19"
    "oauth-sign" "~0.9.0"
    "performance-now" "^2.1.0"
    "qs" "~6.5.2"
    "safe-buffer" "^5.1.2"
    "tough-cookie" "~2.5.0"
    "tunnel-agent" "^0.6.0"
    "uuid" "^3.3.2"

"uid-safe@^2.1.5":
  "resolved" "file:../../node_modules/.pnpm/uid-safe@2.1.5/node_modules/uid-safe"
  "version" "2.1.5"
  dependencies:
    "random-bytes" "~1.0.0"

"yargs@^10.0.3":
  "resolved" "file:../../node_modules/.pnpm/yargs@10.1.2/node_modules/yargs"
  "version" "10.1.2"
  dependencies:
    "cliui" "^4.0.0"
    "decamelize" "^1.1.1"
    "find-up" "^2.1.0"
    "get-caller-file" "^1.0.1"
    "os-locale" "^2.0.0"
    "require-directory" "^2.1.1"
    "require-main-filename" "^1.0.1"
    "set-blocking" "^2.0.0"
    "string-width" "^2.0.0"
    "which-module" "^2.0.0"
    "y18n" "^3.2.1"
    "yargs-parser" "^8.1.0"
