{
  "name": "@onehilltech/blueprint-cli-exts",
  "version": "4.28.18",
  "lockfileVersion": 1,
  "requires": true,
  "dependencies": {
    "base-object": {
      "version": "1.4.0",
      "resolved": "https://registry.npmjs.org/base-object/-/base-object-1.4.0.tgz",
      "integrity": "sha512-TY0koMB01zPI4yyUz87/UoP+VKlRxNL8McupiEMyNF/ZBloQRyWGZ/d5GO3kJ0OhOMcsZwdF1B5evLD7VVDYDA==",
      "requires": {
        "lodash": "^4.17.10"
      }
    },
    "commander": {
      "version": "2.20.3",
      "resolved": "https://registry.npmjs.org/commander/-/commander-2.20.3.tgz",
      "integrity": "sha512-GpVkmM8vF2vQUkj2LvZmD35JxeJOLCwJ9cUkugyk2nuhbv3+mJvpLYYt+0+USMxE+oj+ey/lJEnhZw75x/OMcQ==",
      "optional": true
    },
    "handlebars": {
      "version": "4.5.3",
      "resolved": "https://registry.npmjs.org/handlebars/-/handlebars-4.5.3.tgz",
      "integrity": "sha512-3yPecJoJHK/4c6aZhSvxOyG4vJKDshV36VHp0iVCDVh7o9w2vwi3NSnL2MMPj3YdduqaBcu7cGbggJQM0br9xA==",
      "requires": {
        "neo-async": "^2.6.0",
        "optimist": "^0.6.1",
        "source-map": "^0.6.1",
        "uglify-js": "^3.1.4"
      }
    },
    "lodash": {
      "version": "4.17.15",
      "resolved": "https://registry.npmjs.org/lodash/-/lodash-4.17.15.tgz",
      "integrity": "sha512-8xOcRHvCjnocdS5cpwXQXVzmmh5e5+saE2QGoeQmbKmRS6J3VQppPOIt0MnmE+4xlZoumy0GPG0D0MVIQbNA1A=="
    },
    "minimist": {
      "version": "0.0.10",
      "resolved": "https://registry.npmjs.org/minimist/-/minimist-0.0.10.tgz",
      "integrity": "sha1-3j+YVD2/lggr5IrRoMfNqDYwHc8="
    },
    "neo-async": {
      "version": "2.6.1",
      "resolved": "https://registry.npmjs.org/neo-async/-/neo-async-2.6.1.tgz",
      "integrity": "sha512-iyam8fBuCUpWeKPGpaNMetEocMt364qkCsfL9JuhjXX6dRnguRVOfk2GZaDpPjcOKiiXCPINZC1GczQ7iTq3Zw=="
    },
    "optimist": {
      "version": "0.6.1",
      "resolved": "https://registry.npmjs.org/optimist/-/optimist-0.6.1.tgz",
      "integrity": "sha1-2j6nRob6IaGaERwybpDrFaAZZoY=",
      "requires": {
        "minimist": "~0.0.1",
        "wordwrap": "~0.0.2"
      }
    },
    "source-map": {
      "version": "0.6.1",
      "resolved": "https://registry.npmjs.org/source-map/-/source-map-0.6.1.tgz",
      "integrity": "sha512-UjgapumWlbMhkBgzT7Ykc5YXUT46F0iKu8SGXq0bcwP5dz/h0Plj6enJqjz1Zbq2l5WaqYnrVbwWOWMyF3F47g=="
    },
    "uglify-js": {
      "version": "3.7.2",
      "resolved": "https://registry.npmjs.org/uglify-js/-/uglify-js-3.7.2.tgz",
      "integrity": "sha512-uhRwZcANNWVLrxLfNFEdltoPNhECUR3lc+UdJoG9CBpMcSnKyWA94tc3eAujB1GcMY5Uwq8ZMp4qWpxWYDQmaA==",
      "optional": true,
      "requires": {
        "commander": "~2.20.3",
        "source-map": "~0.6.1"
      }
    },
    "wordwrap": {
      "version": "0.0.3",
      "resolved": "https://registry.npmjs.org/wordwrap/-/wordwrap-0.0.3.tgz",
      "integrity": "sha1-o9XabNXAvAAI03I0u68b7WMFkQc="
    }
  }
}
